
Microsoft Visual Studio Solution File, Format Version 12.00
# Visual Studio 2013
VisualStudioVersion = 12.0.40629.0
MinimumVisualStudioVersion = 10.0.40219.1
Project("{FAE04EC0-301F-11D3-BF4B-00C04F79EFBC}") = "NorrisTrip.Collector.Web", "NorrisTrip.Collector.Web\NorrisTrip.Collector.Web.csproj", "{1D169A95-64A1-4BDC-BB45-33CFF9B43D1D}"
EndProject
Project("{FAE04EC0-301F-11D3-BF4B-00C04F79EFBC}") = "NorrisTrip.Consumer", "NorrisTrip.Consumer\NorrisTrip.Consumer.csproj", "{895D7AFD-2A9F-436F-85AD-53D49173E29F}"
EndProject
Project("{FAE04EC0-301F-11D3-BF4B-00C04F79EFBC}") = "NorrisTrip.Domain", "NorrisTrip.Domain\NorrisTrip.Domain.csproj", "{9E9BBDB6-958C-47B6-8E5E-F29A8B204999}"
EndProject
Project("{FAE04EC0-301F-11D3-BF4B-00C04F79EFBC}") = "NorrisTrip.Infra", "NorrisTrip.Infra\NorrisTrip.Infra.csproj", "{1387E6FA-2ED2-4996-877F-8EC17D180528}"
EndProject
Project("{FAE04EC0-301F-11D3-BF4B-00C04F79EFBC}") = "NorrisTrip.DI", "NorrisTrip.DI\NorrisTrip.DI.csproj", "{34E290CC-A6D1-4B6D-A3EF-A0A71EA19FC3}"
EndProject
Project("{2150E333-8FDC-42A3-9474-1A3956D46DE8}") = ".nuget", ".nuget", "{92413763-E4B4-4580-9256-2E321A968F11}"
	ProjectSection(SolutionItems) = preProject
		.nuget\NuGet.Config = .nuget\NuGet.Config
		.nuget\NuGet.exe = .nuget\NuGet.exe
		.nuget\NuGet.targets = .nuget\NuGet.targets
	EndProjectSection
EndProject
Global
	GlobalSection(SolutionConfigurationPlatforms) = preSolution
		Debug|Any CPU = Debug|Any CPU
		Release|Any CPU = Release|Any CPU
	EndGlobalSection
	GlobalSection(ProjectConfigurationPlatforms) = postSolution
		{1D169A95-64A1-4BDC-BB45-33CFF9B43D1D}.Debug|Any CPU.ActiveCfg = Debug|Any CPU
		{1D169A95-64A1-4BDC-BB45-33CFF9B43D1D}.Debug|Any CPU.Build.0 = Debug|Any CPU
		{1D169A95-64A1-4BDC-BB45-33CFF9B43D1D}.Release|Any CPU.ActiveCfg = Release|Any CPU
		{1D169A95-64A1-4BDC-BB45-33CFF9B43D1D}.Release|Any CPU.Build.0 = Release|Any CPU
		{895D7AFD-2A9F-436F-85AD-53D49173E29F}.Debug|Any CPU.ActiveCfg = Debug|Any CPU
		{895D7AFD-2A9F-436F-85AD-53D49173E29F}.Debug|Any CPU.Build.0 = Debug|Any CPU
		{895D7AFD-2A9F-436F-85AD-53D49173E29F}.Release|Any CPU.ActiveCfg = Release|Any CPU
		{895D7AFD-2A9F-436F-85AD-53D49173E29F}.Release|Any CPU.Build.0 = Release|Any CPU
		{9E9BBDB6-958C-47B6-8E5E-F29A8B204999}.Debug|Any CPU.ActiveCfg = Debug|Any CPU
		{9E9BBDB6-958C-47B6-8E5E-F29A8B204999}.Debug|Any CPU.Build.0 = Debug|Any CPU
		{9E9BBDB6-958C-47B6-8E5E-F29A8B204999}.Release|Any CPU.ActiveCfg = Release|Any CPU
		{9E9BBDB6-958C-47B6-8E5E-F29A8B204999}.Release|Any CPU.Build.0 = Release|Any CPU
		{1387E6FA-2ED2-4996-877F-8EC17D180528}.Debug|Any CPU.ActiveCfg = Debug|Any CPU
		{1387E6FA-2ED2-4996-877F-8EC17D180528}.Debug|Any CPU.Build.0 = Debug|Any CPU
		{1387E6FA-2ED2-4996-877F-8EC17D180528}.Release|Any CPU.ActiveCfg = Release|Any CPU
		{1387E6FA-2ED2-4996-877F-8EC17D180528}.Release|Any CPU.Build.0 = Release|Any CPU
		{34E290CC-A6D1-4B6D-A3EF-A0A71EA19FC3}.Debug|Any CPU.ActiveCfg = Debug|Any CPU
		{34E290CC-A6D1-4B6D-A3EF-A0A71EA19FC3}.Debug|Any CPU.Build.0 = Debug|Any CPU
		{34E290CC-A6D1-4B6D-A3EF-A0A71EA19FC3}.Release|Any CPU.ActiveCfg = Release|Any CPU
		{34E290CC-A6D1-4B6D-A3EF-A0A71EA19FC3}.Release|Any CPU.Build.0 = Release|Any CPU
	EndGlobalSection
	GlobalSection(SolutionProperties) = preSolution
		HideSolutionNode = FALSE
	EndGlobalSection
EndGlobal
